
Microsoft Visual Studio Solution File, Format Version 12.00
# Visual Studio Version 16
VisualStudioVersion = 16.0.29926.136
MinimumVisualStudioVersion = 10.0.40219.1
Project("{FAE04EC0-301F-11D3-BF4B-00C04F79EFBC}") = "Examples", "Examples\Examples.csproj", "{2A9C02AB-4AD5-4576-9FD3-713AF12CB16F}"
EndProject
Project("{FAE04EC0-301F-11D3-BF4B-00C04F79EFBC}") = "Dapper.UnitOfWork", "Dapper.UnitOfWork\Dapper.UnitOfWork.csproj", "{6A716E24-EC89-4A12-9BDE-CDA4D1DD3CDE}"
EndProject
Global
	GlobalSection(SolutionConfigurationPlatforms) = preSolution
		Debug|Any CPU = Debug|Any CPU
		Release|Any CPU = Release|Any CPU
	EndGlobalSection
	GlobalSection(ProjectConfigurationPlatforms) = postSolution
		{2A9C02AB-4AD5-4576-9FD3-713AF12CB16F}.Debug|Any CPU.ActiveCfg = Debug|Any CPU
		{2A9C02AB-4AD5-4576-9FD3-713AF12CB16F}.Debug|Any CPU.Build.0 = Debug|Any CPU
		{2A9C02AB-4AD5-4576-9FD3-713AF12CB16F}.Release|Any CPU.ActiveCfg = Release|Any CPU
		{2A9C02AB-4AD5-4576-9FD3-713AF12CB16F}.Release|Any CPU.Build.0 = Release|Any CPU
		{6A716E24-EC89-4A12-9BDE-CDA4D1DD3CDE}.Debug|Any CPU.ActiveCfg = Debug|Any CPU
		{6A716E24-EC89-4A12-9BDE-CDA4D1DD3CDE}.Debug|Any CPU.Build.0 = Debug|Any CPU
		{6A716E24-EC89-4A12-9BDE-CDA4D1DD3CDE}.Release|Any CPU.ActiveCfg = Release|Any CPU
		{6A716E24-EC89-4A12-9BDE-CDA4D1DD3CDE}.Release|Any CPU.Build.0 = Release|Any CPU
	EndGlobalSection
	GlobalSection(SolutionProperties) = preSolution
		HideSolutionNode = FALSE
	EndGlobalSection
	GlobalSection(ExtensibilityGlobals) = postSolution
		SolutionGuid = {13B4B373-2AAA-4459-892D-3AED31ADC403}
	EndGlobalSection
EndGlobal
